REAP_REPOSITORY=https://github.com/IQuestLab/reap.git
REAP_COMMIT=0090d73c5f739e4d74000e053b00fd0148ff46aa
REAP_PUBLIC_DESIGN_REPOSITORY=https://github.com/wufuju2023-cell/reap-rsi-public.git
REAP_PUBLIC_DESIGN_COMMIT=829829c9c9e69430f273716df92099e3b7d6f748
LEAN_TOOLCHAIN=leanprover/lean4:v4.28.0-rc1
LEAN_BASE_IMAGE=ghcr.io/wufuju2023-cell/reap-lean@sha256:6be053f9c1395890ca28385da56888f0735f785e6e56f54a8b96692cace8e353
MATHLIB_REV=v4.28.0-rc1
OPENAI_CLIENT_COMMIT=7c98d4ccc6b624def0ba0f0e4e4227449d8ed9c8
REAL_PROVER_REPOSITORY=FrenzyMath/REAL-Prover
REAL_PROVER_REVISION=fe76f68d9a88f342cb7b546307c20292fea9cced
REAL_PROVER_HIDDEN_SIZE=3584
GPU_BASE_IMAGE=rocm/pytorch:rocm7.2.4_ubuntu24.04_py3.12_pytorch_release_2.10.0@sha256:4449f856653602317e4101a76fce599c7fcd58ccec2e539951fce5f73083179e
