# Exact 22 wheels verified in the remote host environment; torch remains in the digest-pinned ROCm base.
# This lock fixes Python packages, not GPU compatibility of that candidate base.
accelerate==1.10.1 --hash=sha256:3621cff60b9a27ce798857ece05e2b9f56fcc71631cfb31ccf71f0359c311f11
certifi==2026.7.22 --hash=sha256:62f22742b58a1a33014a2b6b706588a8d7e2a88ae7bd1a6ebe8c992928483775
charset-normalizer==3.5.1 --hash=sha256:b9af956078716df40d985fb0dfeb2c2120c5ca92ba4ff4b388acfd01cdc14d08
colorama==0.4.6 --hash=sha256:4f1d9991f5acc0ca119f9d443620b77f9d6b33703e51011c16baf57afb285fc6
filelock==3.32.4 --hash=sha256:22e58ca3b1ae3b98993b762d7338367ae64fe50252bf78d59da3bfebcdf1cedd
fsspec==2026.7.0 --hash=sha256:b57ddbafedfaef7018c1ecab32aa200a9d7ca26b77965f64e48b70061249d279
hf-xet==1.6.0 --hash=sha256:d62671bb130879cef0ee4c9ebe47a14af6c66ec53e6d84dc15936e5ffdfac82f
huggingface-hub==0.34.4 --hash=sha256:9b365d781739c93ff90c359844221beef048403f1bc1f1c123c191257c3c890a
idna==3.19 --hash=sha256:815e7be7a7806d54abb586dc943addc79e8b2ee16915059658cbeff4b1b43bf4
numpy==2.2.6 --hash=sha256:fd83c01228a688733f1ded5201c678f0c53ecc1006ffbc404db9f7a899ac6249
packaging==26.3 --hash=sha256:d7193f7c8e4e93f444fde0262bf90af30e16fa0ad0ad44cb553c87339b23cd1c
peft==0.17.1 --hash=sha256:3d129d64def3d74779c32a080d2567e5f7b674e77d546e3585138216d903f99e
psutil==7.2.2 --hash=sha256:076a2d2f923fd4821644f5ba89f059523da90dc9014e85f8e45a5774ca5bc6f9
pyyaml==6.0.3 --hash=sha256:ba1cc08a7ccde2d2ec775841541641e4548226580ab850948cbfda66a1befcdc
regex==2026.7.19 --hash=sha256:9dce8ec9695f531a1b8a6f314fd4b393adcccf2ea861db480cdf97a301d01a68
requests==2.34.2 --hash=sha256:2a0d60c172f83ac6ab31e4554906c0f3b3588d37b5cb939b1c061f4907e278e0
safetensors==0.6.2 --hash=sha256:8045db2c872db8f4cbe3faa0495932d89c38c899c603f21e9b6486951a5ecb8f
tokenizers==0.22.2 --hash=sha256:369cc9fc8cc10cb24143873a0d95438bb8ee257bb80c71989e3ee290e8d72c67
tqdm==4.70.0 --hash=sha256:7f585706bfddbdebf89daac705b2dfcc16890130727d3197ca62c732b4310953
transformers==4.57.1 --hash=sha256:b10d05da8fa67dc41644dbbf9bc45a44cb86ae33da6f9295f5fbf5b7890bd267
typing-extensions==4.16.0 --hash=sha256:481caa481374e813c1b176ada14e97f1f67a4539ce9cfeb3f350d78d6370c2e8
urllib3==2.7.0 --hash=sha256:9fb4c81ebbb1ce9531cce37674bbc6f1360472bc18ca9a553ede278ef7276897
